%{
  "eleveldb": {:hex, :eleveldb, "2.2.20", "1fff63a5055bbf4bf821f797ef76065882b193f5e8095f95fcd9287187773b58", [:rebar3], [], "hexpm"},
  "exleveldb": {:hex, :exleveldb, "0.11.1", "37c0414208a50d2419d8246305e6c4a33ed339c25c0bdfa27774795e1e089f7b", [:mix], [{:eleveldb, "~> 2.2.19", [hex: :eleveldb, repo: "hexpm", optional: false]}], "hexpm"},
}
